PODS:
  - Flutter (1.0.0)
  - flutter_bluetooth_basic (0.0.1):
    - Flutter

DEPENDENCIES:
  - Flutter (from `Flutter`)
  - flutter_bluetooth_basic (from `.symlinks/plugins/flutter_bluetooth_basic/ios`)

EXTERNAL SOURCES:
  Flutter:
    :path: Flutter
  flutter_bluetooth_basic:
    :path: ".symlinks/plugins/flutter_bluetooth_basic/ios"

SPEC CHECKSUMS:
  Flutter: 0e3d915762c693b495b44d77113d4970485de6ec
  flutter_bluetooth_basic: 0e4e27e22b50b3a25cc1d1e131953feb4af414f4

PODFILE CHECKSUM: 3dbe063e9c90a5d7c9e4e76e70a821b9e2c1d271

COCOAPODS: 1.8.4
